{
  "name": "MP2021-databaze-letu-pro-aeroklub-liberec",
  "lockfileVersion": 2,
  "requires": true,
  "packages": {
    "": {
      "dependencies": {
        "moment": "^2.29.1",
        "moment-with-locales-es6": "^1.0.1"
      }
    },
    "node_modules/moment": {
      "version": "2.29.1",
      "resolved": "https://registry.npmjs.org/moment/-/moment-2.29.1.tgz",
      "integrity": "sha512-kHmoybcPV8Sqy59DwNDY3Jefr64lK/by/da0ViFcuA4DH0vQg5Q6Ze5VimxkfQNSC+Mls/Kx53s7TjP1RhFEDQ==",
      "engines": {
        "node": "*"
      }
    },
    "node_modules/moment-with-locales-es6": {
      "version": "1.0.1",
      "resolved": "https://registry.npmjs.org/moment-with-locales-es6/-/moment-with-locales-es6-1.0.1.tgz",
      "integrity": "sha512-aKHuk7hHGVGk1X86rhu4aVwSEpBEwL3Lo5BEvZnqGueZeVK9pfpTrlLT3qN4A64vMkiKkxWpwQCcyg2YpoZGaQ==",
      "peerDependencies": {
        "moment": "^2.0.0"
      }
    }
  },
  "dependencies": {
    "moment": {
      "version": "2.29.1",
      "resolved": "https://registry.npmjs.org/moment/-/moment-2.29.1.tgz",
      "integrity": "sha512-kHmoybcPV8Sqy59DwNDY3Jefr64lK/by/da0ViFcuA4DH0vQg5Q6Ze5VimxkfQNSC+Mls/Kx53s7TjP1RhFEDQ=="
    },
    "moment-with-locales-es6": {
      "version": "1.0.1",
      "resolved": "https://registry.npmjs.org/moment-with-locales-es6/-/moment-with-locales-es6-1.0.1.tgz",
      "integrity": "sha512-aKHuk7hHGVGk1X86rhu4aVwSEpBEwL3Lo5BEvZnqGueZeVK9pfpTrlLT3qN4A64vMkiKkxWpwQCcyg2YpoZGaQ==",
      "requires": {}
    }
  }
}
